{
  "name": "vuravel-form",
  "version": "1.0.0",
  "lockfileVersion": 1,
  "requires": true,
  "dependencies": {
    "sortablejs": {
      "version": "1.7.0",
      "resolved": "https://registry.npmjs.org/sortablejs/-/sortablejs-1.7.0.tgz",
      "integrity": "sha1-gKKyNwq9Vo4c7IwnETHvMKkE+ig="
    },
    "trix": {
      "version": "0.11.4",
      "resolved": "https://registry.npmjs.org/trix/-/trix-0.11.4.tgz",
      "integrity": "sha512-1ryl+7x8nmEA6yhuo2RP4WLk+O/AZyORTr/4JedQ62kcO30qhn34khqPvCRD3MS10YMmWeDRJH4J9QBFxvP0qg=="
    },
    "vue": {
      "version": "2.5.17",
      "resolved": "https://registry.npmjs.org/vue/-/vue-2.5.17.tgz",
      "integrity": "sha512-mFbcWoDIJi0w0Za4emyLiW72Jae0yjANHbCVquMKijcavBGypqlF7zHRgMa5k4sesdv7hv2rB4JPdZfR+TPfhQ=="
    },
    "vue-js-modal": {
      "version": "1.3.27",
      "resolved": "https://registry.npmjs.org/vue-js-modal/-/vue-js-modal-1.3.27.tgz",
      "integrity": "sha512-w27jHJWTRlcA7qQLs3yM6mi2wFsMHdqHTfyTxO7ENOCInoBY2bIECpAZZ9e8mD8Ka39AaBVkECf95NHE7/oqNg=="
    },
    "vuedraggable": {
      "version": "2.16.0",
      "resolved": "https://registry.npmjs.org/vuedraggable/-/vuedraggable-2.16.0.tgz",
      "integrity": "sha512-fr9gcWKXMJlzbbtJcrQs4kU7qdOZqd4SEpAcx+r0nykbW8AygZN0aKVpadEtI53T8A2azhzCdXMvEqrLuKE2fA==",
      "requires": {
        "sortablejs": "^1.7.0"
      }
    }
  }
}
